
Microsoft Visual Studio Solution File, Format Version 12.00
# Visual Studio Version 16
VisualStudioVersion = 16.0.30621.155
MinimumVisualStudioVersion = 10.0.40219.1
Project("{FAE04EC0-301F-11D3-BF4B-00C04F79EFBC}") = "EjercicioArreglos1", "EjercicioArreglos1.csproj", "{7A0F05ED-EAC1-456C-A257-A277F469F3AD}"
EndProject
Global
	GlobalSection(SolutionConfigurationPlatforms) = preSolution
		Debug|Any CPU = Debug|Any CPU
		Release|Any CPU = Release|Any CPU
	EndGlobalSection
	GlobalSection(ProjectConfigurationPlatforms) = postSolution
		{7A0F05ED-EAC1-456C-A257-A277F469F3AD}.Debug|Any CPU.ActiveCfg = Debug|Any CPU
		{7A0F05ED-EAC1-456C-A257-A277F469F3AD}.Debug|Any CPU.Build.0 = Debug|Any CPU
		{7A0F05ED-EAC1-456C-A257-A277F469F3AD}.Release|Any CPU.ActiveCfg = Release|Any CPU
		{7A0F05ED-EAC1-456C-A257-A277F469F3AD}.Release|Any CPU.Build.0 = Release|Any CPU
	EndGlobalSection
	GlobalSection(SolutionProperties) = preSolution
		HideSolutionNode = FALSE
	EndGlobalSection
	GlobalSection(ExtensibilityGlobals) = postSolution
		SolutionGuid = {046E9650-EFA6-4595-B86B-45D85368C591}
	EndGlobalSection
EndGlobal
