
Microsoft Visual Studio Solution File, Format Version 12.00
# Visual Studio Version 16
VisualStudioVersion = 16.0.30621.155
MinimumVisualStudioVersion = 10.0.40219.1
Project("{FAE04EC0-301F-11D3-BF4B-00C04F79EFBC}") = "EjercicioMatrices1", "EjercicioMatrices1.csproj", "{0D9CD666-9EA1-44EE-AE46-73DF7EED1B7F}"
EndProject
Global
	GlobalSection(SolutionConfigurationPlatforms) = preSolution
		Debug|Any CPU = Debug|Any CPU
		Release|Any CPU = Release|Any CPU
	EndGlobalSection
	GlobalSection(ProjectConfigurationPlatforms) = postSolution
		{0D9CD666-9EA1-44EE-AE46-73DF7EED1B7F}.Debug|Any CPU.ActiveCfg = Debug|Any CPU
		{0D9CD666-9EA1-44EE-AE46-73DF7EED1B7F}.Debug|Any CPU.Build.0 = Debug|Any CPU
		{0D9CD666-9EA1-44EE-AE46-73DF7EED1B7F}.Release|Any CPU.ActiveCfg = Release|Any CPU
		{0D9CD666-9EA1-44EE-AE46-73DF7EED1B7F}.Release|Any CPU.Build.0 = Release|Any CPU
	EndGlobalSection
	GlobalSection(SolutionProperties) = preSolution
		HideSolutionNode = FALSE
	EndGlobalSection
	GlobalSection(ExtensibilityGlobals) = postSolution
		SolutionGuid = {4E7CCB32-8EB1-4F94-B4A7-80E365C7C784}
	EndGlobalSection
EndGlobal
